
Microsoft Visual Studio Solution File, Format Version 12.00
# Visual Studio Version 17
VisualStudioVersion = 17.6.33723.286
MinimumVisualStudioVersion = 10.0.40219.1
Project("{FAE04EC0-301F-11D3-BF4B-00C04F79EFBC}") = "API Host", "API Host\API Host.csproj", "{24C4971C-E08F-4694-810B-5AA7FB351F13}"
EndProject
Project("{FAE04EC0-301F-11D3-BF4B-00C04F79EFBC}") = "Models", "Models\Models.csproj", "{33BBECEE-A117-4398-81A8-7E513EB4B5BC}"
EndProject
Global
	GlobalSection(SolutionConfigurationPlatforms) = preSolution
		Debug|Any CPU = Debug|Any CPU
		Release|Any CPU = Release|Any CPU
	EndGlobalSection
	GlobalSection(ProjectConfigurationPlatforms) = postSolution
		{24C4971C-E08F-4694-810B-5AA7FB351F13}.Debug|Any CPU.ActiveCfg = Debug|Any CPU
		{24C4971C-E08F-4694-810B-5AA7FB351F13}.Debug|Any CPU.Build.0 = Debug|Any CPU
		{24C4971C-E08F-4694-810B-5AA7FB351F13}.Release|Any CPU.ActiveCfg = Release|Any CPU
		{24C4971C-E08F-4694-810B-5AA7FB351F13}.Release|Any CPU.Build.0 = Release|Any CPU
		{33BBECEE-A117-4398-81A8-7E513EB4B5BC}.Debug|Any CPU.ActiveCfg = Debug|Any CPU
		{33BBECEE-A117-4398-81A8-7E513EB4B5BC}.Debug|Any CPU.Build.0 = Debug|Any CPU
		{33BBECEE-A117-4398-81A8-7E513EB4B5BC}.Release|Any CPU.ActiveCfg = Release|Any CPU
		{33BBECEE-A117-4398-81A8-7E513EB4B5BC}.Release|Any CPU.Build.0 = Release|Any CPU
	EndGlobalSection
	GlobalSection(SolutionProperties) = preSolution
		HideSolutionNode = FALSE
	EndGlobalSection
	GlobalSection(ExtensibilityGlobals) = postSolution
		SolutionGuid = {116D45FF-789B-444E-B3A0-2BA3FAA87671}
	EndGlobalSection
EndGlobal
